
Microsoft Visual Studio Solution File, Format Version 12.00
# Visual Studio Version 16
VisualStudioVersion = 16.0.30204.135
MinimumVisualStudioVersion = 10.0.40219.1
Project("{FAE04EC0-301F-11D3-BF4B-00C04F79EFBC}") = "GitRepositoryAPI", "GitRepositoryAPI\GitRepositoryAPI.csproj", "{D256AF0C-1395-47F1-BE12-3200DC16C215}"
EndProject
Global
	GlobalSection(SolutionConfigurationPlatforms) = preSolution
		Debug|Any CPU = Debug|Any CPU
		Release|Any CPU = Release|Any CPU
	EndGlobalSection
	GlobalSection(ProjectConfigurationPlatforms) = postSolution
		{D256AF0C-1395-47F1-BE12-3200DC16C215}.Debug|Any CPU.ActiveCfg = Debug|Any CPU
		{D256AF0C-1395-47F1-BE12-3200DC16C215}.Debug|Any CPU.Build.0 = Debug|Any CPU
		{D256AF0C-1395-47F1-BE12-3200DC16C215}.Release|Any CPU.ActiveCfg = Release|Any CPU
		{D256AF0C-1395-47F1-BE12-3200DC16C215}.Release|Any CPU.Build.0 = Release|Any CPU
	EndGlobalSection
	GlobalSection(SolutionProperties) = preSolution
		HideSolutionNode = FALSE
	EndGlobalSection
	GlobalSection(ExtensibilityGlobals) = postSolution
		SolutionGuid = {C754721B-0C61-4667-A1D5-E20DE6CA9B89}
	EndGlobalSection
EndGlobal
